
Microsoft Visual Studio Solution File, Format Version 12.00
# Visual Studio Version 17
VisualStudioVersion = 17.3.32804.467
MinimumVisualStudioVersion = 10.0.40219.1
Project("{FAE04EC0-301F-11D3-BF4B-00C04F79EFBC}") = "StudentAPI", "StudentAPI.csproj", "{591643A4-0421-49BA-8EED-7BAE3B558469}"
EndProject
Global
	GlobalSection(SolutionConfigurationPlatforms) = preSolution
		Debug|Any CPU = Debug|Any CPU
		Release|Any CPU = Release|Any CPU
	EndGlobalSection
	GlobalSection(ProjectConfigurationPlatforms) = postSolution
		{591643A4-0421-49BA-8EED-7BAE3B558469}.Debug|Any CPU.ActiveCfg = Debug|Any CPU
		{591643A4-0421-49BA-8EED-7BAE3B558469}.Debug|Any CPU.Build.0 = Debug|Any CPU
		{591643A4-0421-49BA-8EED-7BAE3B558469}.Release|Any CPU.ActiveCfg = Release|Any CPU
		{591643A4-0421-49BA-8EED-7BAE3B558469}.Release|Any CPU.Build.0 = Release|Any CPU
	EndGlobalSection
	GlobalSection(SolutionProperties) = preSolution
		HideSolutionNode = FALSE
	EndGlobalSection
	GlobalSection(ExtensibilityGlobals) = postSolution
		SolutionGuid = {2B90F7BB-C906-4CD5-BE8E-8E52F7A11B2E}
	EndGlobalSection
EndGlobal
